
Microsoft Visual Studio Solution File, Format Version 12.00
# Visual Studio Version 17
VisualStudioVersion = 17.9.34701.34
MinimumVisualStudioVersion = 10.0.40219.1
Project("{9A19103F-16F7-4668-BE54-9A1E7A4F7556}") = "GM.Architecture.Web", "GM.Architecture.Web.csproj", "{8AFDC886-11D9-4225-B31B-E3FCF693F968}"
EndProject
Project("{FAE04EC0-301F-11D3-BF4B-00C04F79EFBC}") = "GM.Architecture.Core", "..\GM.Architecture.Core\GM.Architecture.Core.csproj", "{F3F22A84-77A0-4635-8AFF-5D74AD0FDBE2}"
EndProject
Project("{FAE04EC0-301F-11D3-BF4B-00C04F79EFBC}") = "GM.Architecture.Infrastructure", "..\GM.Architecture.Infrastructure\GM.Architecture.Infrastructure.csproj", "{E595B32F-CCD0-4599-994D-2B7FD0F980B7}"
EndProject
Project("{FAE04EC0-301F-11D3-BF4B-00C04F79EFBC}") = "GM.Architecture.Application", "..\GM.Architecture.Application\GM.Architecture.Application.csproj", "{73C46802-A188-445D-9F71-A17B903D359B}"
EndProject
Global
	GlobalSection(SolutionConfigurationPlatforms) = preSolution
		Debug|Any CPU = Debug|Any CPU
		Release|Any CPU = Release|Any CPU
	EndGlobalSection
	GlobalSection(ProjectConfigurationPlatforms) = postSolution
		{8AFDC886-11D9-4225-B31B-E3FCF693F968}.Debug|Any CPU.ActiveCfg = Debug|Any CPU
		{8AFDC886-11D9-4225-B31B-E3FCF693F968}.Debug|Any CPU.Build.0 = Debug|Any CPU
		{8AFDC886-11D9-4225-B31B-E3FCF693F968}.Release|Any CPU.ActiveCfg = Release|Any CPU
		{8AFDC886-11D9-4225-B31B-E3FCF693F968}.Release|Any CPU.Build.0 = Release|Any CPU
		{F3F22A84-77A0-4635-8AFF-5D74AD0FDBE2}.Debug|Any CPU.ActiveCfg = Debug|Any CPU
		{F3F22A84-77A0-4635-8AFF-5D74AD0FDBE2}.Debug|Any CPU.Build.0 = Debug|Any CPU
		{F3F22A84-77A0-4635-8AFF-5D74AD0FDBE2}.Release|Any CPU.ActiveCfg = Release|Any CPU
		{F3F22A84-77A0-4635-8AFF-5D74AD0FDBE2}.Release|Any CPU.Build.0 = Release|Any CPU
		{E595B32F-CCD0-4599-994D-2B7FD0F980B7}.Debug|Any CPU.ActiveCfg = Debug|Any CPU
		{E595B32F-CCD0-4599-994D-2B7FD0F980B7}.Debug|Any CPU.Build.0 = Debug|Any CPU
		{E595B32F-CCD0-4599-994D-2B7FD0F980B7}.Release|Any CPU.ActiveCfg = Release|Any CPU
		{E595B32F-CCD0-4599-994D-2B7FD0F980B7}.Release|Any CPU.Build.0 = Release|Any CPU
		{73C46802-A188-445D-9F71-A17B903D359B}.Debug|Any CPU.ActiveCfg = Debug|Any CPU
		{73C46802-A188-445D-9F71-A17B903D359B}.Debug|Any CPU.Build.0 = Debug|Any CPU
		{73C46802-A188-445D-9F71-A17B903D359B}.Release|Any CPU.ActiveCfg = Release|Any CPU
		{73C46802-A188-445D-9F71-A17B903D359B}.Release|Any CPU.Build.0 = Release|Any CPU
	EndGlobalSection
	GlobalSection(SolutionProperties) = preSolution
		HideSolutionNode = FALSE
	EndGlobalSection
	GlobalSection(ExtensibilityGlobals) = postSolution
		SolutionGuid = {A09B78F4-2034-4860-A065-579A12415ED2}
	EndGlobalSection
EndGlobal
